
Microsoft Visual Studio Solution File, Format Version 12.00
# Visual Studio 15
VisualStudioVersion = 15.0.27703.1
MinimumVisualStudioVersion = 10.0.40219.1
Project("{F184B08F-C81C-45F6-A57F-5ABD9991F28F}") = "procedimientos", "procedimientos\procedimientos.vbproj", "{02619F1B-EBE8-4FB0-BE02-033B30C1B50A}"
EndProject
Global
	GlobalSection(SolutionConfigurationPlatforms) = preSolution
		Debug|Any CPU = Debug|Any CPU
		Release|Any CPU = Release|Any CPU
	EndGlobalSection
	GlobalSection(ProjectConfigurationPlatforms) = postSolution
		{02619F1B-EBE8-4FB0-BE02-033B30C1B50A}.Debug|Any CPU.ActiveCfg = Debug|Any CPU
		{02619F1B-EBE8-4FB0-BE02-033B30C1B50A}.Debug|Any CPU.Build.0 = Debug|Any CPU
		{02619F1B-EBE8-4FB0-BE02-033B30C1B50A}.Release|Any CPU.ActiveCfg = Release|Any CPU
		{02619F1B-EBE8-4FB0-BE02-033B30C1B50A}.Release|Any CPU.Build.0 = Release|Any CPU
	EndGlobalSection
	GlobalSection(SolutionProperties) = preSolution
		HideSolutionNode = FALSE
	EndGlobalSection
	GlobalSection(ExtensibilityGlobals) = postSolution
		SolutionGuid = {A2604BD8-EA07-4981-8161-5AF9F37BFF33}
	EndGlobalSection
EndGlobal
